// !$*UTF8*$!
{
	archiveVersion = 1;
	classes = {
	};
	objectVersion = 56;
	objects = {

/* Begin PBXBuildFile section */
		84B5B3FE2C30B519009FDB3D /* WebViewAppApp.swift in Sources */ = {isa = PBXBuildFile; fileRef = 84B5B3FD2C30B519009FDB3D /* WebViewAppApp.swift */; };
		84B5B4002C30B519009FDB3D /* ContentView.swift in Sources */ = {isa = PBXBuildFile; fileRef = 84B5B3FF2C30B519009FDB3D /* ContentView.swift */; };
		84B5B4022C30B51B009FDB3D /* Assets.xcassets in Resources */ = {isa = PBXBuildFile; fileRef = 84B5B4012C30B51B009FDB3D /* Assets.xcassets */; };
		84B5B4052C30B51B009FDB3D /* Preview Assets.xcassets in Resources */ = {isa = PBXBuildFile; fileRef = 84B5B4042C30B51B009FDB3D /* Preview Assets.xcassets */; };
		84B5B40F2C30B51B009FDB3D /* WebViewAppTests.swift in Sources */ = {isa = PBXBuildFile; fileRef = 84B5B40E2C30B51B009FDB3D /* WebViewAppTests.swift */; };
		84B5B4192C30B51B009FDB3D /* WebViewAppUITests.swift in Sources */ = {isa = PBXBuildFile; fileRef = 84B5B4182C30B51B009FDB3D /* WebViewAppUITests.swift */; };
		84B5B41B2C30B51B009FDB3D /* WebViewAppUITestsLaunchTests.swift in Sources */ = {isa = PBXBuildFile; fileRef = 84B5B41A2C30B51B009FDB3D /* WebViewAppUITestsLaunchTests.swift */; };
/* End PBXBuildFile section */

/* Begin PBXContainerItemProxy section */
		84B5B40B2C30B51B009FDB3D /* PBXContainerItemProxy */ = {
			isa = PBXContainerItemProxy;
			containerPortal = 84B5B3F22C30B519009FDB3D /* Project object */;
			proxyType = 1;
			remoteGlobalIDString = 84B5B3F92C30B519009FDB3D;
			remoteInfo = WebViewApp;
		};
		84B5B4152C30B51B009FDB3D /* PBXContainerItemProxy */ = {
			isa = PBXContainerItemProxy;
			containerPortal = 84B5B3F22C30B519009FDB3D /* Project object */;
			proxyType = 1;
			remoteGlobalIDString = 84B5B3F92C30B519009FDB3D;
			remoteInfo = WebViewApp;
		};
/* End PBXContainerItemProxy section */

/* Begin PBXFileReference section */
		84B5B3FA2C30B519009FDB3D /* WebViewApp.app */ = {isa = PBXFileReference; explicitFileType = wrapper.application; includeInIndex = 0; path = WebViewApp.app; sourceTree = BUILT_PRODUCTS_DIR; };
		84B5B3FD2C30B519009FDB3D /* WebViewAppApp.swift */ = {isa = PBXFileReference; lastKnownFileType = sourcecode.swift; path = WebViewAppApp.swift; sourceTree = "<group>"; };
		84B5B3FF2C30B519009FDB3D /* ContentView.swift */ = {isa = PBXFileReference; lastKnownFileType = sourcecode.swift; path = ContentView.swift; sourceTree = "<group>"; };
		84B5B4012C30B51B009FDB3D /* Assets.xcassets */ = {isa = PBXFileReference; lastKnownFileType = folder.assetcatalog; path = Assets.xcassets; sourceTree = "<group>"; };
		84B5B4042C30B51B009FDB3D /* Preview Assets.xcassets */ = {isa = PBXFileReference; lastKnownFileType = folder.assetcatalog; path = "Preview Assets.xcassets"; sourceTree = "<group>"; };
		84B5B40A2C30B51B009FDB3D /* WebViewAppTests.xctest */ = {isa = PBXFileReference; explicitFileType = wrapper.cfbundle; includeInIndex = 0; path = WebViewAppTests.xctest; sourceTree = BUILT_PRODUCTS_DIR; };
		84B5B40E2C30B51B009FDB3D /* WebViewAppTests.swift */ = {isa = PBXFileReference; lastKnownFileType = sourcecode.swift; path = WebViewAppTests.swift; sourceTree = "<group>"; };
		84B5B4142C30B51B009FDB3D /* WebViewAppUITests.xctest */ = {isa = PBXFileReference; explicitFileType = wrapper.cfbundle; includeInIndex = 0; path = WebViewAppUITests.xctest; sourceTree = BUILT_PRODUCTS_DIR; };
		84B5B4182C30B51B009FDB3D /* WebViewAppUITests.swift */ = {isa = PBXFileReference; lastKnownFileType = sourcecode.swift; path = WebViewAppUITests.swift; sourceTree = "<group>"; };
		84B5B41A2C30B51B009FDB3D /* WebViewAppUITestsLaunchTests.swift */ = {isa = PBXFileReference; lastKnownFileType = sourcecode.swift; path = WebViewAppUITestsLaunchTests.swift; sourceTree = "<group>"; };
/* End PBXFileReference section */

/* Begin PBXFrameworksBuildPhase section */
		84B5B3F72C30B519009FDB3D /* Frameworks */ = {
			isa = PBXFrameworksBuildPhase;
			buildActionMask = 2147483647;
			files = (
			);
			runOnlyForDeploymentPostprocessing = 0;
		};
		84B5B4072C30B51B009FDB3D /* Frameworks */ = {
			isa = PBXFrameworksBuildPhase;
			buildActionMask = 2147483647;
			files = (
			);
			runOnlyForDeploymentPostprocessing = 0;
		};
		84B5B4112C30B51B009FDB3D /* Frameworks */ = {
			isa = PBXFrameworksBuildPhase;
			buildActionMask = 2147483647;
			files = (
			);
			runOnlyForDeploymentPostprocessing = 0;
		};
/* End PBXFrameworksBuildPhase section */

/* Begin PBXGroup section */
		84B5B3F12C30B519009FDB3D = {
			isa = PBXGroup;
			children = (
				84B5B3FC2C30B519009FDB3D /* WebViewApp */,
				84B5B40D2C30B51B009FDB3D /* WebViewAppTests */,
				84B5B4172C30B51B009FDB3D /* WebViewAppUITests */,
				84B5B3FB2C30B519009FDB3D /* Products */,
			);
			sourceTree = "<group>";
		};
		84B5B3FB2C30B519009FDB3D /* Products */ = {
			isa = PBXGroup;
			children = (
				84B5B3FA2C30B519009FDB3D /* WebViewApp.app */,
				84B5B40A2C30B51B009FDB3D /* WebViewAppTests.xctest */,
				84B5B4142C30B51B009FDB3D /* WebViewAppUITests.xctest */,
			);
			name = Products;
			sourceTree = "<group>";
		};
		84B5B3FC2C30B519009FDB3D /* WebViewApp */ = {
			isa = PBXGroup;
			children = (
				84B5B3FD2C30B519009FDB3D /* WebViewAppApp.swift */,
				84B5B3FF2C30B519009FDB3D /* ContentView.swift */,
				84B5B4012C30B51B009FDB3D /* Assets.xcassets */,
				84B5B4032C30B51B009FDB3D /* Preview Content */,
			);
			path = WebViewApp;
			sourceTree = "<group>";
		};
		84B5B4032C30B51B009FDB3D /* Preview Content */ = {
			isa = PBXGroup;
			children = (
				84B5B4042C30B51B009FDB3D /* Preview Assets.xcassets */,
			);
			path = "Preview Content";
			sourceTree = "<group>";
		};
		84B5B40D2C30B51B009FDB3D /* WebViewAppTests */ = {
			isa = PBXGroup;
			children = (
				84B5B40E2C30B51B009FDB3D /* WebViewAppTests.swift */,
			);
			path = WebViewAppTests;
			sourceTree = "<group>";
		};
		84B5B4172C30B51B009FDB3D /* WebViewAppUITests */ = {
			isa = PBXGroup;
			children = (
				84B5B4182C30B51B009FDB3D /* WebViewAppUITests.swift */,
				84B5B41A2C30B51B009FDB3D /* WebViewAppUITestsLaunchTests.swift */,
			);
			path = WebViewAppUITests;
			sourceTree = "<group>";
		};
/* End PBXGroup section */

/* Begin PBXNativeTarget section */
		84B5B3F92C30B519009FDB3D /* WebViewApp */ = {
			isa = PBXNativeTarget;
			buildConfigurationList = 84B5B41E2C30B51C009FDB3D /* Build configuration list for PBXNativeTarget "WebViewApp" */;
			buildPhases = (
				84B5B3F62C30B519009FDB3D /* Sources */,
				84B5B3F72C30B519009FDB3D /* Frameworks */,
				84B5B3F82C30B519009FDB3D /* Resources */,
			);
			buildRules = (
			);
			dependencies = (
			);
			name = WebViewApp;
			productName = WebViewApp;
			productReference = 84B5B3FA2C30B519009FDB3D /* WebViewApp.app */;
			productType = "com.apple.product-type.application";
		};
		84B5B4092C30B51B009FDB3D /* WebViewAppTests */ = {
			isa = PBXNativeTarget;
			buildConfigurationList = 84B5B4212C30B51C009FDB3D /* Build configuration list for PBXNativeTarget "WebViewAppTests" */;
			buildPhases = (
				84B5B4062C30B51B009FDB3D /* Sources */,
				84B5B4072C30B51B009FDB3D /* Frameworks */,
				84B5B4082C30B51B009FDB3D /* Resources */,
			);
			buildRules = (
			);
			dependencies = (
				84B5B40C2C30B51B009FDB3D /* PBXTargetDependency */,
			);
			name = WebViewAppTests;
			productName = WebViewAppTests;
			productReference = 84B5B40A2C30B51B009FDB3D /* WebViewAppTests.xctest */;
			productType = "com.apple.product-type.bundle.unit-test";
		};
		84B5B4132C30B51B009FDB3D /* WebViewAppUITests */ = {
			isa = PBXNativeTarget;
			buildConfigurationList = 84B5B4242C30B51C009FDB3D /* Build configuration list for PBXNativeTarget "WebViewAppUITests" */;
			buildPhases = (
				84B5B4102C30B51B009FDB3D /* Sources */,
				84B5B4112C30B51B009FDB3D /* Frameworks */,
				84B5B4122C30B51B009FDB3D /* Resources */,
			);
			buildRules = (
			);
			dependencies = (
				84B5B4162C30B51B009FDB3D /* PBXTargetDependency */,
			);
			name = WebViewAppUITests;
			productName = WebViewAppUITests;
			productReference = 84B5B4142C30B51B009FDB3D /* WebViewAppUITests.xctest */;
			productType = "com.apple.product-type.bundle.ui-testing";
		};
/* End PBXNativeTarget section */

/* Begin PBXProject section */
		84B5B3F22C30B519009FDB3D /* Project object */ = {
			isa = PBXProject;
			attributes = {
				BuildIndependentTargetsInParallel = 1;
				LastSwiftUpdateCheck = 1420;
				LastUpgradeCheck = 1420;
				TargetAttributes = {
					84B5B3F92C30B519009FDB3D = {
						CreatedOnToolsVersion = 14.2;
					};
					84B5B4092C30B51B009FDB3D = {
						CreatedOnToolsVersion = 14.2;
						TestTargetID = 84B5B3F92C30B519009FDB3D;
					};
					84B5B4132C30B51B009FDB3D = {
						CreatedOnToolsVersion = 14.2;
						TestTargetID = 84B5B3F92C30B519009FDB3D;
					};
				};
			};
			buildConfigurationList = 84B5B3F52C30B519009FDB3D /* Build configuration list for PBXProject "WebViewApp" */;
			compatibilityVersion = "Xcode 14.0";
			developmentRegion = en;
			hasScannedForEncodings = 0;
			knownRegions = (
				en,
				Base,
			);
			mainGroup = 84B5B3F12C30B519009FDB3D;
			productRefGroup = 84B5B3FB2C30B519009FDB3D /* Products */;
			projectDirPath = "";
			projectRoot = "";
			targets = (
				84B5B3F92C30B519009FDB3D /* WebViewApp */,
				84B5B4092C30B51B009FDB3D /* WebViewAppTests */,
				84B5B4132C30B51B009FDB3D /* WebViewAppUITests */,
			);
		};
/* End PBXProject section */

/* Begin PBXResourcesBuildPhase section */
		84B5B3F82C30B519009FDB3D /* Resources */ = {
			isa = PBXResourcesBuildPhase;
			buildActionMask = 2147483647;
			files = (
				84B5B4052C30B51B009FDB3D /* Preview Assets.xcassets in Resources */,
				84B5B4022C30B51B009FDB3D /* Assets.xcassets in Resources */,
			);
			runOnlyForDeploymentPostprocessing = 0;
		};
		84B5B4082C30B51B009FDB3D /* Resources */ = {
			isa = PBXResourcesBuildPhase;
			buildActionMask = 2147483647;
			files = (
			);
			runOnlyForDeploymentPostprocessing = 0;
		};
		84B5B4122C30B51B009FDB3D /* Resources */ = {
			isa = PBXResourcesBuildPhase;
			buildActionMask = 2147483647;
			files = (
			);
			runOnlyForDeploymentPostprocessing = 0;
		};
/* End PBXResourcesBuildPhase section */

/* Begin PBXSourcesBuildPhase section */
		84B5B3F62C30B519009FDB3D /* Sources */ = {
			isa = PBXSourcesBuildPhase;
			buildActionMask = 2147483647;
			files = (
				84B5B4002C30B519009FDB3D /* ContentView.swift in Sources */,
				84B5B3FE2C30B519009FDB3D /* WebViewAppApp.swift in Sources */,
			);
			runOnlyForDeploymentPostprocessing = 0;
		};
		84B5B4062C30B51B009FDB3D /* Sources */ = {
			isa = PBXSourcesBuildPhase;
			buildActionMask = 2147483647;
			files = (
				84B5B40F2C30B51B009FDB3D /* WebViewAppTests.swift in Sources */,
			);
			runOnlyForDeploymentPostprocessing = 0;
		};
		84B5B4102C30B51B009FDB3D /* Sources */ = {
			isa = PBXSourcesBuildPhase;
			buildActionMask = 2147483647;
			files = (
				84B5B41B2C30B51B009FDB3D /* WebViewAppUITestsLaunchTests.swift in Sources */,
				84B5B4192C30B51B009FDB3D /* WebViewAppUITests.swift in Sources */,
			);
			runOnlyForDeploymentPostprocessing = 0;
		};
/* End PBXSourcesBuildPhase section */

/* Begin PBXTargetDependency section */
		84B5B40C2C30B51B009FDB3D /* PBXTargetDependency */ = {
			isa = PBXTargetDependency;
			target = 84B5B3F92C30B519009FDB3D /* WebViewApp */;
			targetProxy = 84B5B40B2C30B51B009FDB3D /* PBXContainerItemProxy */;
		};
		84B5B4162C30B51B009FDB3D /* PBXTargetDependency */ = {
			isa = PBXTargetDependency;
			target = 84B5B3F92C30B519009FDB3D /* WebViewApp */;
			targetProxy = 84B5B4152C30B51B009FDB3D /* PBXContainerItemProxy */;
		};
/* End PBXTargetDependency section */

/* Begin XCBuildConfiguration section */
		84B5B41C2C30B51B009FDB3D /* Debug */ = {
			isa = XCBuildConfiguration;
			buildSettings = {
				ALWAYS_SEARCH_USER_PATHS = NO;
				CLANG_ANALYZER_NONNULL = YES;
				CLANG_ANALYZER_NUMBER_OBJECT_CONVERSION = YES_AGGRESSIVE;
				CLANG_CXX_LANGUAGE_STANDARD = "gnu++20";
				CLANG_ENABLE_MODULES = YES;
				CLANG_ENABLE_OBJC_ARC = YES;
				CLANG_ENABLE_OBJC_WEAK = YES;
				CLANG_WARN_BLOCK_CAPTURE_AUTORELEASING = YES;
				CLANG_WARN_BOOL_CONVERSION = YES;
				CLANG_WARN_COMMA = YES;
				CLANG_WARN_CONSTANT_CONVERSION = YES;
				CLANG_WARN_DEPRECATED_OBJC_IMPLEMENTATIONS = YES;
				CLANG_WARN_DIRECT_OBJC_ISA_USAGE = YES_ERROR;
				CLANG_WARN_DOCUMENTATION_COMMENTS = YES;
				CLANG_WARN_EMPTY_BODY = YES;
				CLANG_WARN_ENUM_CONVERSION = YES;
				CLANG_WARN_INFINITE_RECURSION = YES;
				CLANG_WARN_INT_CONVERSION = YES;
				CLANG_WARN_NON_LITERAL_NULL_CONVERSION = YES;
				CLANG_WARN_OBJC_IMPLICIT_RETAIN_SELF = YES;
				CLANG_WARN_OBJC_LITERAL_CONVERSION = YES;
				CLANG_WARN_OBJC_ROOT_CLASS = YES_ERROR;
				CLANG_WARN_QUOTED_INCLUDE_IN_FRAMEWORK_HEADER = YES;
				CLANG_WARN_RANGE_LOOP_ANALYSIS = YES;
				CLANG_WARN_STRICT_PROTOTYPES = YES;
				CLANG_WARN_SUSPICIOUS_MOVE = YES;
				CLANG_WARN_UNGUARDED_AVAILABILITY = YES_AGGRESSIVE;
				CLANG_WARN_UNREACHABLE_CODE = YES;
				CLANG_WARN__DUPLICATE_METHOD_MATCH = YES;
				COPY_PHASE_STRIP = NO;
				DEBUG_INFORMATION_FORMAT = dwarf;
				ENABLE_STRICT_OBJC_MSGSEND = YES;
				ENABLE_TESTABILITY = YES;
				GCC_C_LANGUAGE_STANDARD = gnu11;
				GCC_DYNAMIC_NO_PIC = NO;
				GCC_NO_COMMON_BLOCKS = YES;
				GCC_OPTIMIZATION_LEVEL = 0;
				GCC_PREPROCESSOR_DEFINITIONS = (
					"DEBUG=1",
					"$(inherited)",
				);
				GCC_WARN_64_TO_32_BIT_CONVERSION = YES;
				GCC_WARN_ABOUT_RETURN_TYPE = YES_ERROR;
				GCC_WARN_UNDECLARED_SELECTOR = YES;
				GCC_WARN_UNINITIALIZED_AUTOS = YES_AGGRESSIVE;
				GCC_WARN_UNUSED_FUNCTION = YES;
				GCC_WARN_UNUSED_VARIABLE = YES;
				IPHONEOS_DEPLOYMENT_TARGET = 16.2;
				MTL_ENABLE_DEBUG_INFO = INCLUDE_SOURCE;
				MTL_FAST_MATH = YES;
				ONLY_ACTIVE_ARCH = YES;
				SDKROOT = iphoneos;
				SWIFT_ACTIVE_COMPILATION_CONDITIONS = DEBUG;
				SWIFT_OPTIMIZATION_LEVEL = "-Onone";
			};
			name = Debug;
		};
		84B5B41D2C30B51B009FDB3D /* Release */ = {
			isa = XCBuildConfiguration;
			buildSettings = {
				ALWAYS_SEARCH_USER_PATHS = NO;
				CLANG_ANALYZER_NONNULL = YES;
				CLANG_ANALYZER_NUMBER_OBJECT_CONVERSION = YES_AGGRESSIVE;
				CLANG_CXX_LANGUAGE_STANDARD = "gnu++20";
				CLANG_ENABLE_MODULES = YES;
				CLANG_ENABLE_OBJC_ARC = YES;
				CLANG_ENABLE_OBJC_WEAK = YES;
				CLANG_WARN_BLOCK_CAPTURE_AUTORELEASING = YES;
				CLANG_WARN_BOOL_CONVERSION = YES;
				CLANG_WARN_COMMA = YES;
				CLANG_WARN_CONSTANT_CONVERSION = YES;
				CLANG_WARN_DEPRECATED_OBJC_IMPLEMENTATIONS = YES;
				CLANG_WARN_DIRECT_OBJC_ISA_USAGE = YES_ERROR;
				CLANG_WARN_DOCUMENTATION_COMMENTS = YES;
				CLANG_WARN_EMPTY_BODY = YES;
				CLANG_WARN_ENUM_CONVERSION = YES;
				CLANG_WARN_INFINITE_RECURSION = YES;
				CLANG_WARN_INT_CONVERSION = YES;
				CLANG_WARN_NON_LITERAL_NULL_CONVERSION = YES;
				CLANG_WARN_OBJC_IMPLICIT_RETAIN_SELF = YES;
				CLANG_WARN_OBJC_LITERAL_CONVERSION = YES;
				CLANG_WARN_OBJC_ROOT_CLASS = YES_ERROR;
				CLANG_WARN_QUOTED_INCLUDE_IN_FRAMEWORK_HEADER = YES;
				CLANG_WARN_RANGE_LOOP_ANALYSIS = YES;
				CLANG_WARN_STRICT_PROTOTYPES = YES;
				CLANG_WARN_SUSPICIOUS_MOVE = YES;
				CLANG_WARN_UNGUARDED_AVAILABILITY = YES_AGGRESSIVE;
				CLANG_WARN_UNREACHABLE_CODE = YES;
				CLANG_WARN__DUPLICATE_METHOD_MATCH = YES;
				COPY_PHASE_STRIP = NO;
				DEBUG_INFORMATION_FORMAT = "dwarf-with-dsym";
				ENABLE_NS_ASSERTIONS = NO;
				ENABLE_STRICT_OBJC_MSGSEND = YES;
				GCC_C_LANGUAGE_STANDARD = gnu11;
				GCC_NO_COMMON_BLOCKS = YES;
				GCC_WARN_64_TO_32_BIT_CONVERSION = YES;
				GCC_WARN_ABOUT_RETURN_TYPE = YES_ERROR;
				GCC_WARN_UNDECLARED_SELECTOR = YES;
				GCC_WARN_UNINITIALIZED_AUTOS = YES_AGGRESSIVE;
				GCC_WARN_UNUSED_FUNCTION = YES;
				GCC_WARN_UNUSED_VARIABLE = YES;
				IPHONEOS_DEPLOYMENT_TARGET = 16.2;
				MTL_ENABLE_DEBUG_INFO = NO;
				MTL_FAST_MATH = YES;
				SDKROOT = iphoneos;
				SWIFT_COMPILATION_MODE = wholemodule;
				SWIFT_OPTIMIZATION_LEVEL = "-O";
				VALIDATE_PRODUCT = YES;
			};
			name = Release;
		};
		84B5B41F2C30B51C009FDB3D /* Debug */ = {
			isa = XCBuildConfiguration;
			buildSettings = {
				ASSETCATALOG_COMPILER_APPICON_NAME = AppIcon;
				ASSETCATALOG_COMPILER_GLOBAL_ACCENT_COLOR_NAME = AccentColor;
				CODE_SIGN_STYLE = Automatic;
				CURRENT_PROJECT_VERSION = 1;
				DEVELOPMENT_ASSET_PATHS = "\"WebViewApp/Preview Content\"";
				ENABLE_PREVIEWS = YES;
				GENERATE_INFOPLIST_FILE = YES;
				INFOPLIST_KEY_UIApplicationSceneManifest_Generation = YES;
				INFOPLIST_KEY_UIApplicationSupportsIndirectInputEvents = YES;
				INFOPLIST_KEY_UILaunchScreen_Generation = YES;
				INFOPLIST_KEY_UISupportedInterfaceOrientations_iPad = "UIInterfaceOrientationPortrait UIInterfaceOrientationPortraitUpsideDown UIInterfaceOrientationLandscapeLeft UIInterfaceOrientationLandscapeRight";
				INFOPLIST_KEY_UISupportedInterfaceOrientations_iPhone = "UIInterfaceOrientationPortrait UIInterfaceOrientationLandscapeLeft UIInterfaceOrientationLandscapeRight";
				LD_RUNPATH_SEARCH_PATHS = (
					"$(inherited)",
					"@executable_path/Frameworks",
				);
				MARKETING_VERSION = 1.0;
				PRODUCT_BUNDLE_IDENTIFIER = kz.WebViewApp;
				PRODUCT_NAME = "$(TARGET_NAME)";
				SWIFT_EMIT_LOC_STRINGS = YES;
				SWIFT_VERSION = 5.0;
				TARGETED_DEVICE_FAMILY = "1,2";
			};
			name = Debug;
		};
		84B5B4202C30B51C009FDB3D /* Release */ = {
			isa = XCBuildConfiguration;
			buildSettings = {
				ASSETCATALOG_COMPILER_APPICON_NAME = AppIcon;
				ASSETCATALOG_COMPILER_GLOBAL_ACCENT_COLOR_NAME = AccentColor;
				CODE_SIGN_STYLE = Automatic;
				CURRENT_PROJECT_VERSION = 1;
				DEVELOPMENT_ASSET_PATHS = "\"WebViewApp/Preview Content\"";
				ENABLE_PREVIEWS = YES;
				GENERATE_INFOPLIST_FILE = YES;
				INFOPLIST_KEY_UIApplicationSceneManifest_Generation = YES;
				INFOPLIST_KEY_UIApplicationSupportsIndirectInputEvents = YES;
				INFOPLIST_KEY_UILaunchScreen_Generation = YES;
				INFOPLIST_KEY_UISupportedInterfaceOrientations_iPad = "UIInterfaceOrientationPortrait UIInterfaceOrientationPortraitUpsideDown UIInterfaceOrientationLandscapeLeft UIInterfaceOrientationLandscapeRight";
				INFOPLIST_KEY_UISupportedInterfaceOrientations_iPhone = "UIInterfaceOrientationPortrait UIInterfaceOrientationLandscapeLeft UIInterfaceOrientationLandscapeRight";
				LD_RUNPATH_SEARCH_PATHS = (
					"$(inherited)",
					"@executable_path/Frameworks",
				);
				MARKETING_VERSION = 1.0;
				PRODUCT_BUNDLE_IDENTIFIER = kz.WebViewApp;
				PRODUCT_NAME = "$(TARGET_NAME)";
				SWIFT_EMIT_LOC_STRINGS = YES;
				SWIFT_VERSION = 5.0;
				TARGETED_DEVICE_FAMILY = "1,2";
			};
			name = Release;
		};
		84B5B4222C30B51C009FDB3D /* Debug */ = {
			isa = XCBuildConfiguration;
			buildSettings = {
				ALWAYS_EMBED_SWIFT_STANDARD_LIBRARIES = YES;
				BUNDLE_LOADER = "$(TEST_HOST)";
				CODE_SIGN_STYLE = Automatic;
				CURRENT_PROJECT_VERSION = 1;
				GENERATE_INFOPLIST_FILE = YES;
				IPHONEOS_DEPLOYMENT_TARGET = 16.2;
				MARKETING_VERSION = 1.0;
				PRODUCT_BUNDLE_IDENTIFIER = kz.WebViewAppTests;
				PRODUCT_NAME = "$(TARGET_NAME)";
				SWIFT_EMIT_LOC_STRINGS = NO;
				SWIFT_VERSION = 5.0;
				TARGETED_DEVICE_FAMILY = "1,2";
				TEST_HOST = "$(BUILT_PRODUCTS_DIR)/WebViewApp.app/$(BUNDLE_EXECUTABLE_FOLDER_PATH)/WebViewApp";
			};
			name = Debug;
		};
		84B5B4232C30B51C009FDB3D /* Release */ = {
			isa = XCBuildConfiguration;
			buildSettings = {
				ALWAYS_EMBED_SWIFT_STANDARD_LIBRARIES = YES;
				BUNDLE_LOADER = "$(TEST_HOST)";
				CODE_SIGN_STYLE = Automatic;
				CURRENT_PROJECT_VERSION = 1;
				GENERATE_INFOPLIST_FILE = YES;
				IPHONEOS_DEPLOYMENT_TARGET = 16.2;
				MARKETING_VERSION = 1.0;
				PRODUCT_BUNDLE_IDENTIFIER = kz.WebViewAppTests;
				PRODUCT_NAME = "$(TARGET_NAME)";
				SWIFT_EMIT_LOC_STRINGS = NO;
				SWIFT_VERSION = 5.0;
				TARGETED_DEVICE_FAMILY = "1,2";
				TEST_HOST = "$(BUILT_PRODUCTS_DIR)/WebViewApp.app/$(BUNDLE_EXECUTABLE_FOLDER_PATH)/WebViewApp";
			};
			name = Release;
		};
		84B5B4252C30B51C009FDB3D /* Debug */ = {
			isa = XCBuildConfiguration;
			buildSettings = {
				ALWAYS_EMBED_SWIFT_STANDARD_LIBRARIES = YES;
				CODE_SIGN_STYLE = Automatic;
				CURRENT_PROJECT_VERSION = 1;
				GENERATE_INFOPLIST_FILE = YES;
				MARKETING_VERSION = 1.0;
				PRODUCT_BUNDLE_IDENTIFIER = kz.WebViewAppUITests;
				PRODUCT_NAME = "$(TARGET_NAME)";
				SWIFT_EMIT_LOC_STRINGS = NO;
				SWIFT_VERSION = 5.0;
				TARGETED_DEVICE_FAMILY = "1,2";
				TEST_TARGET_NAME = WebViewApp;
			};
			name = Debug;
		};
		84B5B4262C30B51C009FDB3D /* Release */ = {
			isa = XCBuildConfiguration;
			buildSettings = {
				ALWAYS_EMBED_SWIFT_STANDARD_LIBRARIES = YES;
				CODE_SIGN_STYLE = Automatic;
				CURRENT_PROJECT_VERSION = 1;
				GENERATE_INFOPLIST_FILE = YES;
				MARKETING_VERSION = 1.0;
				PRODUCT_BUNDLE_IDENTIFIER = kz.WebViewAppUITests;
				PRODUCT_NAME = "$(TARGET_NAME)";
				SWIFT_EMIT_LOC_STRINGS = NO;
				SWIFT_VERSION = 5.0;
				TARGETED_DEVICE_FAMILY = "1,2";
				TEST_TARGET_NAME = WebViewApp;
			};
			name = Release;
		};
/* End XCBuildConfiguration section */

/* Begin XCConfigurationList section */
		84B5B3F52C30B519009FDB3D /* Build configuration list for PBXProject "WebViewApp" */ = {
			isa = XCConfigurationList;
			buildConfigurations = (
				84B5B41C2C30B51B009FDB3D /* Debug */,
				84B5B41D2C30B51B009FDB3D /* Release */,
			);
			defaultConfigurationIsVisible = 0;
			defaultConfigurationName = Release;
		};
		84B5B41E2C30B51C009FDB3D /* Build configuration list for PBXNativeTarget "WebViewApp" */ = {
			isa = XCConfigurationList;
			buildConfigurations = (
				84B5B41F2C30B51C009FDB3D /* Debug */,
				84B5B4202C30B51C009FDB3D /* Release */,
			);
			defaultConfigurationIsVisible = 0;
			defaultConfigurationName = Release;
		};
		84B5B4212C30B51C009FDB3D /* Build configuration list for PBXNativeTarget "WebViewAppTests" */ = {
			isa = XCConfigurationList;
			buildConfigurations = (
				84B5B4222C30B51C009FDB3D /* Debug */,
				84B5B4232C30B51C009FDB3D /* Release */,
			);
			defaultConfigurationIsVisible = 0;
			defaultConfigurationName = Release;
		};
		84B5B4242C30B51C009FDB3D /* Build configuration list for PBXNativeTarget "WebViewAppUITests" */ = {
			isa = XCConfigurationList;
			buildConfigurations = (
				84B5B4252C30B51C009FDB3D /* Debug */,
				84B5B4262C30B51C009FDB3D /* Release */,
			);
			defaultConfigurationIsVisible = 0;
			defaultConfigurationName = Release;
		};
/* End XCConfigurationList section */
	};
	rootObject = 84B5B3F22C30B519009FDB3D /* Project object */;
}
